github.com/jackdanger/collectlinks v0.0.0-20160421202702-24c4ee2870ba h1:FW3g6RfPxRHYFxOAVxad/eKiga8mVEh2YVtD/+FKEr4=
github.com/jackdanger/collectlinks v0.0.0-20160421202702-24c4ee2870ba/go.mod h1:GFVNbU+5FcSghGENDCIOpeTGmhv1IgGDKnViO9DtCbI=
golang.org/x/net v0.0.0-20220728211354-c7608f3a8462 h1:UreQrH7DbFXSi9ZFox6FNT3WBooWmdANpU+IfkT1T4I=
golang.org/x/net v0.0.0-20220728211354-c7608f3a8462/go.mod h1:YDH+HFinaLZZlnHAfSS6ZXJJ9M9t4Dl22yv3iI2vPwk=
